
Microsoft Visual Studio Solution File, Format Version 12.00
# Visual Studio Version 17
VisualStudioVersion = 17.5.33627.172
MinimumVisualStudioVersion = 10.0.40219.1
Project("{FAE04EC0-301F-11D3-BF4B-00C04F79EFBC}") = "CCIPICL-ChatAssistant", "CCIPICL-ChatAssistant.csproj", "{92B3DF5A-2C20-4F61-9854-E759EAF82433}"
EndProject
Global
	GlobalSection(SolutionConfigurationPlatforms) = preSolution
		Debug|Any CPU = Debug|Any CPU
		Release|Any CPU = Release|Any CPU
	EndGlobalSection
	GlobalSection(ProjectConfigurationPlatforms) = postSolution
		{92B3DF5A-2C20-4F61-9854-E759EAF82433}.Debug|Any CPU.ActiveCfg = Debug|Any CPU
		{92B3DF5A-2C20-4F61-9854-E759EAF82433}.Debug|Any CPU.Build.0 = Debug|Any CPU
		{92B3DF5A-2C20-4F61-9854-E759EAF82433}.Release|Any CPU.ActiveCfg = Release|Any CPU
		{92B3DF5A-2C20-4F61-9854-E759EAF82433}.Release|Any CPU.Build.0 = Release|Any CPU
	EndGlobalSection
	GlobalSection(SolutionProperties) = preSolution
		HideSolutionNode = FALSE
	EndGlobalSection
	GlobalSection(ExtensibilityGlobals) = postSolution
		SolutionGuid = {5B098468-6540-4188-80A2-C1CFA3C034FC}
	EndGlobalSection
EndGlobal
